
Microsoft Visual Studio Solution File, Format Version 12.00
# Visual Studio Version 17
VisualStudioVersion = 17.9.34728.123
MinimumVisualStudioVersion = 10.0.40219.1
Project("{9A19103F-16F7-4668-BE54-9A1E7A4F7556}") = "CloudPad.Core", "CloudPad.Core\CloudPad.Core.csproj", "{07C8D307-090B-4D5A-9A91-45CF8C5B46D2}"
EndProject
Project("{9A19103F-16F7-4668-BE54-9A1E7A4F7556}") = "CloudPad.Infrastructure", "CloudPd.Infrastructure\CloudPad.Infrastructure.csproj", "{2C0CA72F-C720-44BC-B638-77FBFA20F977}"
EndProject
Project("{2150E333-8FDC-42A3-9474-1A3956D46DE8}") = "src", "src", "{1EEFD15F-ECFC-428D-B357-6A5DB5CD93AA}"
EndProject
Project("{2150E333-8FDC-42A3-9474-1A3956D46DE8}") = "tests", "tests", "{0A5EB5F1-9AE8-40D8-9BEC-A37A3FD79817}"
EndProject
Project("{9A19103F-16F7-4668-BE54-9A1E7A4F7556}") = "NoteTakingApp.Tests.Unit", "NoteTakingApp.Tests.Unit\NoteTakingApp.Tests.Unit.csproj", "{3A0162DD-3185-4567-AAC7-815D1CB670DC}"
EndProject
Project("{9A19103F-16F7-4668-BE54-9A1E7A4F7556}") = "CloudPad.UI", "NoteTakingApp.UI\CloudPad.UI.csproj", "{E26C2E97-EC9A-405B-BF4F-680767C7D07B}"
EndProject
Global
	GlobalSection(SolutionConfigurationPlatforms) = preSolution
		Debug|Any CPU = Debug|Any CPU
		Release|Any CPU = Release|Any CPU
	EndGlobalSection
	GlobalSection(ProjectConfigurationPlatforms) = postSolution
		{07C8D307-090B-4D5A-9A91-45CF8C5B46D2}.Debug|Any CPU.ActiveCfg = Debug|Any CPU
		{07C8D307-090B-4D5A-9A91-45CF8C5B46D2}.Debug|Any CPU.Build.0 = Debug|Any CPU
		{07C8D307-090B-4D5A-9A91-45CF8C5B46D2}.Release|Any CPU.ActiveCfg = Release|Any CPU
		{07C8D307-090B-4D5A-9A91-45CF8C5B46D2}.Release|Any CPU.Build.0 = Release|Any CPU
		{2C0CA72F-C720-44BC-B638-77FBFA20F977}.Debug|Any CPU.ActiveCfg = Debug|Any CPU
		{2C0CA72F-C720-44BC-B638-77FBFA20F977}.Debug|Any CPU.Build.0 = Debug|Any CPU
		{2C0CA72F-C720-44BC-B638-77FBFA20F977}.Release|Any CPU.ActiveCfg = Release|Any CPU
		{2C0CA72F-C720-44BC-B638-77FBFA20F977}.Release|Any CPU.Build.0 = Release|Any CPU
		{3A0162DD-3185-4567-AAC7-815D1CB670DC}.Debug|Any CPU.ActiveCfg = Debug|Any CPU
		{3A0162DD-3185-4567-AAC7-815D1CB670DC}.Debug|Any CPU.Build.0 = Debug|Any CPU
		{3A0162DD-3185-4567-AAC7-815D1CB670DC}.Release|Any CPU.ActiveCfg = Release|Any CPU
		{3A0162DD-3185-4567-AAC7-815D1CB670DC}.Release|Any CPU.Build.0 = Release|Any CPU
		{E26C2E97-EC9A-405B-BF4F-680767C7D07B}.Debug|Any CPU.ActiveCfg = Debug|Any CPU
		{E26C2E97-EC9A-405B-BF4F-680767C7D07B}.Debug|Any CPU.Build.0 = Debug|Any CPU
		{E26C2E97-EC9A-405B-BF4F-680767C7D07B}.Release|Any CPU.ActiveCfg = Release|Any CPU
		{E26C2E97-EC9A-405B-BF4F-680767C7D07B}.Release|Any CPU.Build.0 = Release|Any CPU
	EndGlobalSection
	GlobalSection(SolutionProperties) = preSolution
		HideSolutionNode = FALSE
	EndGlobalSection
	GlobalSection(NestedProjects) = preSolution
		{07C8D307-090B-4D5A-9A91-45CF8C5B46D2} = {1EEFD15F-ECFC-428D-B357-6A5DB5CD93AA}
		{2C0CA72F-C720-44BC-B638-77FBFA20F977} = {1EEFD15F-ECFC-428D-B357-6A5DB5CD93AA}
		{3A0162DD-3185-4567-AAC7-815D1CB670DC} = {0A5EB5F1-9AE8-40D8-9BEC-A37A3FD79817}
		{E26C2E97-EC9A-405B-BF4F-680767C7D07B} = {1EEFD15F-ECFC-428D-B357-6A5DB5CD93AA}
	EndGlobalSection
	GlobalSection(ExtensibilityGlobals) = postSolution
		SolutionGuid = {D9DD46C8-E115-45EF-BAE0-A130B576E0BA}
	EndGlobalSection
EndGlobal
