
Microsoft Visual Studio Solution File, Format Version 12.00
Project("{FAE04EC0-301F-11D3-BF4B-00C04F79EFBC}") = "NoteTakingApp.UI", "NoteTakingApp.UI\NoteTakingApp.UI.csproj", "{AF1D3F8F-B719-41FD-9C87-EA89BBDF1E49}"
EndProject
Project("{FAE04EC0-301F-11D3-BF4B-00C04F79EFBC}") = "NoteTakingApp.Core", "NoteTakingApp.Core\NoteTakingApp.Core.csproj", "{07C8D307-090B-4D5A-9A91-45CF8C5B46D2}"
EndProject
Project("{FAE04EC0-301F-11D3-BF4B-00C04F79EFBC}") = "NoteTakingApp.Infrastructure", "NoteTakingApp.Infrastructure\NoteTakingApp.Infrastructure.csproj", "{2C0CA72F-C720-44BC-B638-77FBFA20F977}"
EndProject
Project("{2150E333-8FDC-42A3-9474-1A3956D46DE8}") = "src", "src", "{1EEFD15F-ECFC-428D-B357-6A5DB5CD93AA}"
EndProject
Project("{2150E333-8FDC-42A3-9474-1A3956D46DE8}") = "tests", "tests", "{0A5EB5F1-9AE8-40D8-9BEC-A37A3FD79817}"
EndProject
Project("{FAE04EC0-301F-11D3-BF4B-00C04F79EFBC}") = "NoteTakingApp.Tests.Unit", "NoteTakingApp.Tests.Unit\NoteTakingApp.Tests.Unit.csproj", "{3A0162DD-3185-4567-AAC7-815D1CB670DC}"
EndProject
Global
	GlobalSection(SolutionConfigurationPlatforms) = preSolution
		Debug|Any CPU = Debug|Any CPU
		Release|Any CPU = Release|Any CPU
	EndGlobalSection
	GlobalSection(ProjectConfigurationPlatforms) = postSolution
		{AF1D3F8F-B719-41FD-9C87-EA89BBDF1E49}.Debug|Any CPU.ActiveCfg = Debug|Any CPU
		{AF1D3F8F-B719-41FD-9C87-EA89BBDF1E49}.Debug|Any CPU.Build.0 = Debug|Any CPU
		{AF1D3F8F-B719-41FD-9C87-EA89BBDF1E49}.Release|Any CPU.ActiveCfg = Release|Any CPU
		{AF1D3F8F-B719-41FD-9C87-EA89BBDF1E49}.Release|Any CPU.Build.0 = Release|Any CPU
		{07C8D307-090B-4D5A-9A91-45CF8C5B46D2}.Debug|Any CPU.ActiveCfg = Debug|Any CPU
		{07C8D307-090B-4D5A-9A91-45CF8C5B46D2}.Debug|Any CPU.Build.0 = Debug|Any CPU
		{07C8D307-090B-4D5A-9A91-45CF8C5B46D2}.Release|Any CPU.ActiveCfg = Release|Any CPU
		{07C8D307-090B-4D5A-9A91-45CF8C5B46D2}.Release|Any CPU.Build.0 = Release|Any CPU
		{2C0CA72F-C720-44BC-B638-77FBFA20F977}.Debug|Any CPU.ActiveCfg = Debug|Any CPU
		{2C0CA72F-C720-44BC-B638-77FBFA20F977}.Debug|Any CPU.Build.0 = Debug|Any CPU
		{2C0CA72F-C720-44BC-B638-77FBFA20F977}.Release|Any CPU.ActiveCfg = Release|Any CPU
		{2C0CA72F-C720-44BC-B638-77FBFA20F977}.Release|Any CPU.Build.0 = Release|Any CPU
		{3A0162DD-3185-4567-AAC7-815D1CB670DC}.Debug|Any CPU.ActiveCfg = Debug|Any CPU
		{3A0162DD-3185-4567-AAC7-815D1CB670DC}.Debug|Any CPU.Build.0 = Debug|Any CPU
		{3A0162DD-3185-4567-AAC7-815D1CB670DC}.Release|Any CPU.ActiveCfg = Release|Any CPU
		{3A0162DD-3185-4567-AAC7-815D1CB670DC}.Release|Any CPU.Build.0 = Release|Any CPU
	EndGlobalSection
	GlobalSection(NestedProjects) = preSolution
		{07C8D307-090B-4D5A-9A91-45CF8C5B46D2} = {1EEFD15F-ECFC-428D-B357-6A5DB5CD93AA}
		{2C0CA72F-C720-44BC-B638-77FBFA20F977} = {1EEFD15F-ECFC-428D-B357-6A5DB5CD93AA}
		{AF1D3F8F-B719-41FD-9C87-EA89BBDF1E49} = {1EEFD15F-ECFC-428D-B357-6A5DB5CD93AA}
		{3A0162DD-3185-4567-AAC7-815D1CB670DC} = {0A5EB5F1-9AE8-40D8-9BEC-A37A3FD79817}
	EndGlobalSection
EndGlobal
